
Microsoft Visual Studio Solution File, Format Version 12.00
# Visual Studio 2012
Project("{FAE04EC0-301F-11D3-BF4B-00C04F79EFBC}") = "VuMud", "VuMud.csproj", "{9ED2180C-CA88-47A1-B385-E48312CE86D3}"
EndProject
Project("{FAE04EC0-301F-11D3-BF4B-00C04F79EFBC}") = "World", "..\World\World.csproj", "{BBFCFC5D-D441-469A-A4B6-171E9BAC05A4}"
EndProject
Project("{FAE04EC0-301F-11D3-BF4B-00C04F79EFBC}") = "Creatures", "..\Creature\Creatures.csproj", "{E58EDF34-CB20-46F6-B840-F7FDA6014FE0}"
EndProject
Project("{FAE04EC0-301F-11D3-BF4B-00C04F79EFBC}") = "Classes", "..\Classes\Classes.csproj", "{1C19CCCD-8507-450B-B5B6-825952E915AF}"
EndProject
Project("{FAE04EC0-301F-11D3-BF4B-00C04F79EFBC}") = "Items", "..\Items\Items.csproj", "{86D98177-46BC-4C97-86F3-9383B9E78CC3}"
EndProject
Project("{FAE04EC0-301F-11D3-BF4B-00C04F79EFBC}") = "Enumberables", "..\Enumberables\Enumberables.csproj", "{4FE9DCF1-4E18-4B90-917A-AD4A1F7E4210}"
EndProject
Project("{FAE04EC0-301F-11D3-BF4B-00C04F79EFBC}") = "Stats", "..\Stats\Stats.csproj", "{069FCA5E-BB09-4179-B085-FA2BF82DF24C}"
EndProject
Global
	GlobalSection(SolutionConfigurationPlatforms) = preSolution
		Debug|Any CPU = Debug|Any CPU
		Release|Any CPU = Release|Any CPU
	EndGlobalSection
	GlobalSection(ProjectConfigurationPlatforms) = postSolution
		{9ED2180C-CA88-47A1-B385-E48312CE86D3}.Debug|Any CPU.ActiveCfg = Debug|Any CPU
		{9ED2180C-CA88-47A1-B385-E48312CE86D3}.Debug|Any CPU.Build.0 = Debug|Any CPU
		{9ED2180C-CA88-47A1-B385-E48312CE86D3}.Release|Any CPU.ActiveCfg = Release|Any CPU
		{9ED2180C-CA88-47A1-B385-E48312CE86D3}.Release|Any CPU.Build.0 = Release|Any CPU
		{BBFCFC5D-D441-469A-A4B6-171E9BAC05A4}.Debug|Any CPU.ActiveCfg = Debug|Any CPU
		{BBFCFC5D-D441-469A-A4B6-171E9BAC05A4}.Debug|Any CPU.Build.0 = Debug|Any CPU
		{BBFCFC5D-D441-469A-A4B6-171E9BAC05A4}.Release|Any CPU.ActiveCfg = Release|Any CPU
		{BBFCFC5D-D441-469A-A4B6-171E9BAC05A4}.Release|Any CPU.Build.0 = Release|Any CPU
		{E58EDF34-CB20-46F6-B840-F7FDA6014FE0}.Debug|Any CPU.ActiveCfg = Debug|Any CPU
		{E58EDF34-CB20-46F6-B840-F7FDA6014FE0}.Debug|Any CPU.Build.0 = Debug|Any CPU
		{E58EDF34-CB20-46F6-B840-F7FDA6014FE0}.Release|Any CPU.ActiveCfg = Release|Any CPU
		{E58EDF34-CB20-46F6-B840-F7FDA6014FE0}.Release|Any CPU.Build.0 = Release|Any CPU
		{1C19CCCD-8507-450B-B5B6-825952E915AF}.Debug|Any CPU.ActiveCfg = Debug|Any CPU
		{1C19CCCD-8507-450B-B5B6-825952E915AF}.Debug|Any CPU.Build.0 = Debug|Any CPU
		{1C19CCCD-8507-450B-B5B6-825952E915AF}.Release|Any CPU.ActiveCfg = Release|Any CPU
		{1C19CCCD-8507-450B-B5B6-825952E915AF}.Release|Any CPU.Build.0 = Release|Any CPU
		{86D98177-46BC-4C97-86F3-9383B9E78CC3}.Debug|Any CPU.ActiveCfg = Debug|Any CPU
		{86D98177-46BC-4C97-86F3-9383B9E78CC3}.Debug|Any CPU.Build.0 = Debug|Any CPU
		{86D98177-46BC-4C97-86F3-9383B9E78CC3}.Release|Any CPU.ActiveCfg = Release|Any CPU
		{86D98177-46BC-4C97-86F3-9383B9E78CC3}.Release|Any CPU.Build.0 = Release|Any CPU
		{4FE9DCF1-4E18-4B90-917A-AD4A1F7E4210}.Debug|Any CPU.ActiveCfg = Debug|Any CPU
		{4FE9DCF1-4E18-4B90-917A-AD4A1F7E4210}.Debug|Any CPU.Build.0 = Debug|Any CPU
		{4FE9DCF1-4E18-4B90-917A-AD4A1F7E4210}.Release|Any CPU.ActiveCfg = Release|Any CPU
		{4FE9DCF1-4E18-4B90-917A-AD4A1F7E4210}.Release|Any CPU.Build.0 = Release|Any CPU
		{069FCA5E-BB09-4179-B085-FA2BF82DF24C}.Debug|Any CPU.ActiveCfg = Debug|Any CPU
		{069FCA5E-BB09-4179-B085-FA2BF82DF24C}.Debug|Any CPU.Build.0 = Debug|Any CPU
		{069FCA5E-BB09-4179-B085-FA2BF82DF24C}.Release|Any CPU.ActiveCfg = Release|Any CPU
		{069FCA5E-BB09-4179-B085-FA2BF82DF24C}.Release|Any CPU.Build.0 = Release|Any CPU
	EndGlobalSection
	GlobalSection(SolutionProperties) = preSolution
		HideSolutionNode = FALSE
	EndGlobalSection
EndGlobal
